
Microsoft Visual Studio Solution File, Format Version 12.00
# Visual Studio Version 16
VisualStudioVersion = 16.0.31205.134
MinimumVisualStudioVersion = 10.0.40219.1
Project("{9A19103F-16F7-4668-BE54-9A1E7A4F7556}") = "Lesson_3", "Lesson_3\Lesson_3.csproj", "{506621B8-692C-4632-BDFF-0ACFD2F51A7F}"
EndProject
Global
	GlobalSection(SolutionConfigurationPlatforms) = preSolution
		Debug|Any CPU = Debug|Any CPU
		Release|Any CPU = Release|Any CPU
	EndGlobalSection
	GlobalSection(ProjectConfigurationPlatforms) = postSolution
		{506621B8-692C-4632-BDFF-0ACFD2F51A7F}.Debug|Any CPU.ActiveCfg = Debug|Any CPU
		{506621B8-692C-4632-BDFF-0ACFD2F51A7F}.Debug|Any CPU.Build.0 = Debug|Any CPU
		{506621B8-692C-4632-BDFF-0ACFD2F51A7F}.Release|Any CPU.ActiveCfg = Release|Any CPU
		{506621B8-692C-4632-BDFF-0ACFD2F51A7F}.Release|Any CPU.Build.0 = Release|Any CPU
	EndGlobalSection
	GlobalSection(SolutionProperties) = preSolution
		HideSolutionNode = FALSE
	EndGlobalSection
	GlobalSection(ExtensibilityGlobals) = postSolution
		SolutionGuid = {305C59A5-7EDB-4019-AAA3-87A40E64D8C8}
	EndGlobalSection
EndGlobal
